
Microsoft Visual Studio Solution File, Format Version 12.00
# Visual Studio Version 17
VisualStudioVersion = 17.3.32901.215
MinimumVisualStudioVersion = 10.0.40219.1
Project("{FAE04EC0-301F-11D3-BF4B-00C04F79EFBC}") = "DJValetingService", "DJValetingService\DJValetingService.csproj", "{6517F9EE-B1D5-4A6A-8827-7C37ACDE7BE7}"
EndProject
Global
	GlobalSection(SolutionConfigurationPlatforms) = preSolution
		Debug|Any CPU = Debug|Any CPU
		Release|Any CPU = Release|Any CPU
	EndGlobalSection
	GlobalSection(ProjectConfigurationPlatforms) = postSolution
		{6517F9EE-B1D5-4A6A-8827-7C37ACDE7BE7}.Debug|Any CPU.ActiveCfg = Debug|Any CPU
		{6517F9EE-B1D5-4A6A-8827-7C37ACDE7BE7}.Debug|Any CPU.Build.0 = Debug|Any CPU
		{6517F9EE-B1D5-4A6A-8827-7C37ACDE7BE7}.Release|Any CPU.ActiveCfg = Release|Any CPU
		{6517F9EE-B1D5-4A6A-8827-7C37ACDE7BE7}.Release|Any CPU.Build.0 = Release|Any CPU
	EndGlobalSection
	GlobalSection(SolutionProperties) = preSolution
		HideSolutionNode = FALSE
	EndGlobalSection
	GlobalSection(ExtensibilityGlobals) = postSolution
		SolutionGuid = {1A407056-9CA7-4467-BE2E-909DE3E70034}
	EndGlobalSection
EndGlobal
